{
  "originHash" : "c8145abb4d3b99442aeec94c76ad39e77167594c593b4bb8abdf0205634d2549",
  "pins" : [
    {
      "identity" : "flanimatedimage",
      "kind" : "remoteSourceControl",
      "location" : "https://github.com/Flipboard/FLAnimatedImage.git",
      "state" : {
        "revision" : "d4f07b6f164d53c1212c3e54d6460738b1981e9f",
        "version" : "1.0.17"
      }
    },
    {
      "identity" : "rxswift",
      "kind" : "remoteSourceControl",
      "location" : "https://github.com/ReactiveX/RxSwift.git",
      "state" : {
        "revision" : "b06a8c8596e4c3e8e7788e08e720e3248563ce6a",
        "version" : "6.7.1"
      }
    },
    {
      "identity" : "snapkit",
      "kind" : "remoteSourceControl",
      "location" : "https://github.com/SnapKit/SnapKit",
      "state" : {
        "revision" : "2842e6e84e82eb9a8dac0100ca90d9444b0307f4",
        "version" : "5.7.1"
      }
    }
  ],
  "version" : 3
}
